
Microsoft Visual Studio Solution File, Format Version 12.00
# Visual Studio Version 16
VisualStudioVersion = 16.0.30114.105
MinimumVisualStudioVersion = 10.0.40219.1
Project("{FAE04EC0-301F-11D3-BF4B-00C04F79EFBC}") = "TheEye.Cloud.Hypotheses.Recorder", "TheEye.Cloud.Hypotheses.Recorder\TheEye.Cloud.Hypotheses.Recorder.csproj", "{EB04E89B-21F7-4DCD-9569-BD716613B176}"
EndProject
Project("{FAE04EC0-301F-11D3-BF4B-00C04F79EFBC}") = "TheEye.Cloud.Hypotheses.Recorder.UnitTests", "TheEye.Cloud.Hypotheses.Recorder.UnitTests\TheEye.Cloud.Hypotheses.Recorder.UnitTests.csproj", "{EB73817E-310D-412B-BC15-71FE939466BC}"
EndProject
Project("{FAE04EC0-301F-11D3-BF4B-00C04F79EFBC}") = "TheEye.Databases", "TheEye.Databases\TheEye.Databases.csproj", "{940CBC1E-D91A-4EAB-82B6-05A2CE175553}"
EndProject
Global
	GlobalSection(SolutionConfigurationPlatforms) = preSolution
		Debug|Any CPU = Debug|Any CPU
		Debug|x64 = Debug|x64
		Debug|x86 = Debug|x86
		Release|Any CPU = Release|Any CPU
		Release|x64 = Release|x64
		Release|x86 = Release|x86
	EndGlobalSection
	GlobalSection(SolutionProperties) = preSolution
		HideSolutionNode = FALSE
	EndGlobalSection
	GlobalSection(ProjectConfigurationPlatforms) = postSolution
		{EB04E89B-21F7-4DCD-9569-BD716613B176}.Debug|Any CPU.ActiveCfg = Debug|Any CPU
		{EB04E89B-21F7-4DCD-9569-BD716613B176}.Debug|Any CPU.Build.0 = Debug|Any CPU
		{EB04E89B-21F7-4DCD-9569-BD716613B176}.Debug|x64.ActiveCfg = Debug|Any CPU
		{EB04E89B-21F7-4DCD-9569-BD716613B176}.Debug|x64.Build.0 = Debug|Any CPU
		{EB04E89B-21F7-4DCD-9569-BD716613B176}.Debug|x86.ActiveCfg = Debug|Any CPU
		{EB04E89B-21F7-4DCD-9569-BD716613B176}.Debug|x86.Build.0 = Debug|Any CPU
		{EB04E89B-21F7-4DCD-9569-BD716613B176}.Release|Any CPU.ActiveCfg = Release|Any CPU
		{EB04E89B-21F7-4DCD-9569-BD716613B176}.Release|Any CPU.Build.0 = Release|Any CPU
		{EB04E89B-21F7-4DCD-9569-BD716613B176}.Release|x64.ActiveCfg = Release|Any CPU
		{EB04E89B-21F7-4DCD-9569-BD716613B176}.Release|x64.Build.0 = Release|Any CPU
		{EB04E89B-21F7-4DCD-9569-BD716613B176}.Release|x86.ActiveCfg = Release|Any CPU
		{EB04E89B-21F7-4DCD-9569-BD716613B176}.Release|x86.Build.0 = Release|Any CPU
		{EB73817E-310D-412B-BC15-71FE939466BC}.Debug|Any CPU.ActiveCfg = Debug|Any CPU
		{EB73817E-310D-412B-BC15-71FE939466BC}.Debug|Any CPU.Build.0 = Debug|Any CPU
		{EB73817E-310D-412B-BC15-71FE939466BC}.Debug|x64.ActiveCfg = Debug|Any CPU
		{EB73817E-310D-412B-BC15-71FE939466BC}.Debug|x64.Build.0 = Debug|Any CPU
		{EB73817E-310D-412B-BC15-71FE939466BC}.Debug|x86.ActiveCfg = Debug|Any CPU
		{EB73817E-310D-412B-BC15-71FE939466BC}.Debug|x86.Build.0 = Debug|Any CPU
		{EB73817E-310D-412B-BC15-71FE939466BC}.Release|Any CPU.ActiveCfg = Release|Any CPU
		{EB73817E-310D-412B-BC15-71FE939466BC}.Release|Any CPU.Build.0 = Release|Any CPU
		{EB73817E-310D-412B-BC15-71FE939466BC}.Release|x64.ActiveCfg = Release|Any CPU
		{EB73817E-310D-412B-BC15-71FE939466BC}.Release|x64.Build.0 = Release|Any CPU
		{EB73817E-310D-412B-BC15-71FE939466BC}.Release|x86.ActiveCfg = Release|Any CPU
		{EB73817E-310D-412B-BC15-71FE939466BC}.Release|x86.Build.0 = Release|Any CPU
		{940CBC1E-D91A-4EAB-82B6-05A2CE175553}.Debug|Any CPU.ActiveCfg = Debug|Any CPU
		{940CBC1E-D91A-4EAB-82B6-05A2CE175553}.Debug|Any CPU.Build.0 = Debug|Any CPU
		{940CBC1E-D91A-4EAB-82B6-05A2CE175553}.Debug|x64.ActiveCfg = Debug|Any CPU
		{940CBC1E-D91A-4EAB-82B6-05A2CE175553}.Debug|x64.Build.0 = Debug|Any CPU
		{940CBC1E-D91A-4EAB-82B6-05A2CE175553}.Debug|x86.ActiveCfg = Debug|Any CPU
		{940CBC1E-D91A-4EAB-82B6-05A2CE175553}.Debug|x86.Build.0 = Debug|Any CPU
		{940CBC1E-D91A-4EAB-82B6-05A2CE175553}.Release|Any CPU.ActiveCfg = Release|Any CPU
		{940CBC1E-D91A-4EAB-82B6-05A2CE175553}.Release|Any CPU.Build.0 = Release|Any CPU
		{940CBC1E-D91A-4EAB-82B6-05A2CE175553}.Release|x64.ActiveCfg = Release|Any CPU
		{940CBC1E-D91A-4EAB-82B6-05A2CE175553}.Release|x64.Build.0 = Release|Any CPU
		{940CBC1E-D91A-4EAB-82B6-05A2CE175553}.Release|x86.ActiveCfg = Release|Any CPU
		{940CBC1E-D91A-4EAB-82B6-05A2CE175553}.Release|x86.Build.0 = Release|Any CPU
	EndGlobalSection
EndGlobal
